# THIS IS AN AUTOGENERATED FILE. DO NOT EDIT THIS FILE DIRECTLY.
# yarn lockfile v1


"@selderee/plugin-htmlparser2@^0.6.0":
  version "0.6.0"
  resolved "https://registry.in.myspacex.cn/@selderee/plugin-htmlparser2/download/@selderee/plugin-htmlparser2-0.6.0.tgz#27e994afd1c2cb647ceb5406a185a5574188069d"
  integrity sha1-J+mUr9HCy2R861QGoYWlV0GIBp0=
  dependencies:
    domhandler "^4.2.0"
    selderee "^0.6.0"

commander@^2.19.0:
  version "2.20.3"
  resolved "https://registry.in.myspacex.cn/commander/download/commander-2.20.3.tgz#fd485e84c03eb4881c20722ba48035e8531aeb33"
  integrity sha1-/UhehMA+tIgcIHIrpIA16FMa6zM=

core-util-is@~1.0.0:
  version "1.0.3"
  resolved "https://registry.in.myspacex.cn/core-util-is/download/core-util-is-1.0.3.tgz#a6042d3634c2b27e9328f837b965fac83808db85"
  integrity sha1-pgQtNjTCsn6TKPg3uWX6yDgI24U=

deepmerge@^4.2.2:
  version "4.3.1"
  resolved "https://registry.in.myspacex.cn/deepmerge/download/deepmerge-4.3.1.tgz#44b5f2147cd3b00d4b56137685966f26fd25dd4a"
  integrity sha1-RLXyFHzTsA1LVhN2hZZvJv0l3Uo=

discontinuous-range@1.0.0:
  version "1.0.0"
  resolved "https://registry.in.myspacex.cn/discontinuous-range/download/discontinuous-range-1.0.0.tgz#e38331f0844bba49b9a9cb71c771585aab1bc65a"
  integrity sha1-44Mx8IRLukm5qctxx3FYWqsbxlo=

dom-serializer@^1.0.1:
  version "1.4.1"
  resolved "https://registry.in.myspacex.cn/dom-serializer/download/dom-serializer-1.4.1.tgz#de5d41b1aea290215dc45a6dae8adcf1d32e2d30"
  integrity sha1-3l1Bsa6ikCFdxFptrorc8dMuLTA=
  dependencies:
    domelementtype "^2.0.1"
    domhandler "^4.2.0"
    entities "^2.0.0"

domelementtype@^2.0.1, domelementtype@^2.2.0:
  version "2.3.0"
  resolved "https://registry.in.myspacex.cn/domelementtype/download/domelementtype-2.3.0.tgz#5c45e8e869952626331d7aab326d01daf65d589d"
  integrity sha1-XEXo6GmVJiYzHXqrMm0B2vZdWJ0=

domhandler@^4.0.0, domhandler@^4.2.0:
  version "4.3.1"
  resolved "https://registry.in.myspacex.cn/domhandler/download/domhandler-4.3.1.tgz#8d792033416f59d68bc03a5aa7b018c1ca89279c"
  integrity sha1-jXkgM0FvWdaLwDpap7AYwcqJJ5w=
  dependencies:
    domelementtype "^2.2.0"

domutils@^2.5.2:
  version "2.8.0"
  resolved "https://registry.in.myspacex.cn/domutils/download/domutils-2.8.0.tgz#4437def5db6e2d1f5d6ee859bd95ca7d02048135"
  integrity sha1-RDfe9dtuLR9dbuhZvZXKfQIEgTU=
  dependencies:
    dom-serializer "^1.0.1"
    domelementtype "^2.2.0"
    domhandler "^4.2.0"

encoding-japanese@1.0.30:
  version "1.0.30"
  resolved "https://registry.in.myspacex.cn/encoding-japanese/download/encoding-japanese-1.0.30.tgz#537c4d62881767925d601acb4c79fb14db81703a"
  integrity sha1-U3xNYogXZ5JdYBrLTHn7FNuBcDo=

entities@^2.0.0:
  version "2.2.0"
  resolved "https://registry.in.myspacex.cn/entities/download/entities-2.2.0.tgz#098dc90ebb83d8dffa089d55256b351d34c4da55"
  integrity sha1-CY3JDruD2N/6CJ1VJWs1HTTE2lU=

he@1.2.0, he@^1.2.0:
  version "1.2.0"
  resolved "https://registry.in.myspacex.cn/he/download/he-1.2.0.tgz#84ae65fa7eafb165fddb61566ae14baf05664f0f"
  integrity sha1-hK5l+n6vsWX922FWauFLrwVmTw8=

html-to-text@8.0.0:
  version "8.0.0"
  resolved "https://registry.in.myspacex.cn/html-to-text/download/html-to-text-8.0.0.tgz#5848681a5a38d657a7bb58cf5006d1c29fe64ce3"
  integrity sha1-WEhoGlo41lenu1jPUAbRwp/mTOM=
  dependencies:
    "@selderee/plugin-htmlparser2" "^0.6.0"
    deepmerge "^4.2.2"
    he "^1.2.0"
    htmlparser2 "^6.1.0"
    minimist "^1.2.5"
    selderee "^0.6.0"

htmlparser2@^6.1.0:
  version "6.1.0"
  resolved "https://registry.in.myspacex.cn/htmlparser2/download/htmlparser2-6.1.0.tgz#c4d762b6c3371a05dbe65e94ae43a9f845fb8fb7"
  integrity sha1-xNditsM3GgXb5l6UrkOp+EX7j7c=
  dependencies:
    domelementtype "^2.0.1"
    domhandler "^4.0.0"
    domutils "^2.5.2"
    entities "^2.0.0"

iconv-lite@0.6.2:
  version "0.6.2"
  resolved "https://registry.in.myspacex.cn/iconv-lite/download/iconv-lite-0.6.2.tgz#ce13d1875b0c3a674bd6a04b7f76b01b1b6ded01"
  integrity sha1-zhPRh1sMOmdL1qBLf3awGxtt7QE=
  dependencies:
    safer-buffer ">= 2.1.2 < 3.0.0"

iconv-lite@0.6.3:
  version "0.6.3"
  resolved "https://registry.in.myspacex.cn/iconv-lite/download/iconv-lite-0.6.3.tgz#a52f80bf38da1952eb5c681790719871a1a72501"
  integrity sha1-pS+AvzjaGVLrXGgXkHGYcaGnJQE=
  dependencies:
    safer-buffer ">= 2.1.2 < 3.0.0"

imap@^0.8.19:
  version "0.8.19"
  resolved "https://registry.in.myspacex.cn/imap/download/imap-0.8.19.tgz#3678873934ab09cea6ba48741f284da2af59d8d5"
  integrity sha1-NniHOTSrCc6mukh0HyhNoq9Z2NU=
  dependencies:
    readable-stream "1.1.x"
    utf7 ">=1.0.2"

inherits@~2.0.1:
  version "2.0.4"
  resolved "https://registry.in.myspacex.cn/inherits/download/inherits-2.0.4.tgz#0fa2c64f932917c3433a0ded55363aae37416b7c"
  integrity sha1-D6LGT5MpF8NDOg3tVTY6rjdBa3w=

isarray@0.0.1:
  version "0.0.1"
  resolved "https://registry.in.myspacex.cn/isarray/download/isarray-0.0.1.tgz#8a18acfca9a8f4177e09abfc6038939b05d1eedf"
  integrity sha1-ihis/Kmo9Bd+Cav8YDiTmwXR7t8=

libbase64@1.2.1:
  version "1.2.1"
  resolved "https://registry.in.myspacex.cn/libbase64/download/libbase64-1.2.1.tgz#fb93bf4cb6d730f29b92155b6408d1bd2176a8c8"
  integrity sha1-+5O/TLbXMPKbkhVbZAjRvSF2qMg=

libmime@5.0.0:
  version "5.0.0"
  resolved "https://registry.in.myspacex.cn/libmime/download/libmime-5.0.0.tgz#4759c76eb219985c5d4057b3a9359922194d9ff7"
  integrity sha1-R1nHbrIZmFxdQFezqTWZIhlNn/c=
  dependencies:
    encoding-japanese "1.0.30"
    iconv-lite "0.6.2"
    libbase64 "1.2.1"
    libqp "1.1.0"

libqp@1.1.0:
  version "1.1.0"
  resolved "https://registry.in.myspacex.cn/libqp/download/libqp-1.1.0.tgz#f5e6e06ad74b794fb5b5b66988bf728ef1dedbe8"
  integrity sha1-9ebgatdLeU+1tbZpiL9yjvHe2+g=

linkify-it@3.0.3:
  version "3.0.3"
  resolved "https://registry.in.myspacex.cn/linkify-it/download/linkify-it-3.0.3.tgz#a98baf44ce45a550efb4d49c769d07524cc2fa2e"
  integrity sha1-qYuvRM5FpVDvtNScdp0HUkzC+i4=
  dependencies:
    uc.micro "^1.0.1"

mailparser@^3.4.0:
  version "3.4.0"
  resolved "https://registry.in.myspacex.cn/mailparser/download/mailparser-3.4.0.tgz#249869bc5a41af9e0eabbf005197789442fbac9e"
  integrity sha1-JJhpvFpBr54Oq78AUZd4lEL7rJ4=
  dependencies:
    encoding-japanese "1.0.30"
    he "1.2.0"
    html-to-text "8.0.0"
    iconv-lite "0.6.3"
    libmime "5.0.0"
    linkify-it "3.0.3"
    mailsplit "5.3.1"
    nodemailer "6.7.0"
    tlds "1.224.0"

mailsplit@5.3.1:
  version "5.3.1"
  resolved "https://registry.in.myspacex.cn/mailsplit/download/mailsplit-5.3.1.tgz#dd6d5c20a7b8a767fe9c9649dfcb26ee04f84c36"
  integrity sha1-3W1cIKe4p2f+nJZJ38sm7gT4TDY=
  dependencies:
    libbase64 "1.2.1"
    libmime "5.0.0"
    libqp "1.1.0"

minimist@^1.2.5, minimist@^1.2.8:
  version "1.2.8"
  resolved "https://registry.in.myspacex.cn/minimist/download/minimist-1.2.8.tgz#c1a464e7693302e082a075cee0c057741ac4772c"
  integrity sha1-waRk52kzAuCCoHXO4MBXdBrEdyw=

moo@^0.5.0, moo@^0.5.1:
  version "0.5.1"
  resolved "https://registry.in.myspacex.cn/moo/download/moo-0.5.1.tgz#7aae7f384b9b09f620b6abf6f74ebbcd1b65dbc4"
  integrity sha1-eq5/OEubCfYgtqv29067zRtl28Q=

nearley@^2.20.1:
  version "2.20.1"
  resolved "https://registry.in.myspacex.cn/nearley/download/nearley-2.20.1.tgz#246cd33eff0d012faf197ff6774d7ac78acdd474"
  integrity sha1-JGzTPv8NAS+vGX/2d016x4rN1HQ=
  dependencies:
    commander "^2.19.0"
    moo "^0.5.0"
    railroad-diagrams "^1.0.0"
    randexp "0.4.6"

nodemailer@6.7.0:
  version "6.7.0"
  resolved "https://registry.in.myspacex.cn/nodemailer/download/nodemailer-6.7.0.tgz#86614722c4e0c33d1b5b02aecb90d6d629932b0d"
  integrity sha1-hmFHIsTgwz0bWwKuy5DW1imTKw0=

nodemailer@^6.7.7:
  version "6.7.7"
  resolved "https://registry.in.myspacex.cn/nodemailer/download/nodemailer-6.7.7.tgz#e522fbd7507b81c51446d3f79c4603bf00083ddd"
  integrity sha1-5SL711B7gcUURtP3nEYDvwAIPd0=

parseley@^0.7.0:
  version "0.7.0"
  resolved "https://registry.in.myspacex.cn/parseley/download/parseley-0.7.0.tgz#9949e3a0ed05c5072adb04f013c2810cf49171a8"
  integrity sha1-mUnjoO0FxQcq2wTwE8KBDPSRcag=
  dependencies:
    moo "^0.5.1"
    nearley "^2.20.1"

railroad-diagrams@^1.0.0:
  version "1.0.0"
  resolved "https://registry.in.myspacex.cn/railroad-diagrams/download/railroad-diagrams-1.0.0.tgz#eb7e6267548ddedfb899c1b90e57374559cddb7e"
  integrity sha1-635iZ1SN3t+4mcG5Dlc3RVnN234=

randexp@0.4.6:
  version "0.4.6"
  resolved "https://registry.in.myspacex.cn/randexp/download/randexp-0.4.6.tgz#e986ad5e5e31dae13ddd6f7b3019aa7c87f60ca3"
  integrity sha1-6YatXl4x2uE93W97MBmqfIf2DKM=
  dependencies:
    discontinuous-range "1.0.0"
    ret "~0.1.10"

readable-stream@1.1.x:
  version "1.1.14"
  resolved "https://registry.in.myspacex.cn/readable-stream/download/readable-stream-1.1.14.tgz#7cf4c54ef648e3813084c636dd2079e166c081d9"
  integrity sha1-fPTFTvZI44EwhMY23SB54WbAgdk=
  dependencies:
    core-util-is "~1.0.0"
    inherits "~2.0.1"
    isarray "0.0.1"
    string_decoder "~0.10.x"

ret@~0.1.10:
  version "0.1.15"
  resolved "https://registry.in.myspacex.cn/ret/download/ret-0.1.15.tgz#b8a4825d5bdb1fc3f6f53c2bc33f81388681c7bc"
  integrity sha1-uKSCXVvbH8P29Twrwz+BOIaBx7w=

"safer-buffer@>= 2.1.2 < 3.0.0":
  version "2.1.2"
  resolved "https://registry.in.myspacex.cn/safer-buffer/download/safer-buffer-2.1.2.tgz#44fa161b0187b9549dd84bb91802f9bd8385cd6a"
  integrity sha1-RPoWGwGHuVSd2Eu5GAL5vYOFzWo=

selderee@^0.6.0:
  version "0.6.0"
  resolved "https://registry.in.myspacex.cn/selderee/download/selderee-0.6.0.tgz#f3bee66cfebcb6f33df98e4a1df77388b42a96f7"
  integrity sha1-877mbP68tvM9+Y5KHfdziLQqlvc=
  dependencies:
    parseley "^0.7.0"

semver@~5.3.0:
  version "5.3.0"
  resolved "https://registry.in.myspacex.cn/semver/download/semver-5.3.0.tgz#9b2ce5d3de02d17c6012ad326aa6b4d0cf54f94f"
  integrity sha1-myzl094C0XxgEq0yaqa00M9U+U8=

string_decoder@~0.10.x:
  version "0.10.31"
  resolved "https://registry.in.myspacex.cn/string_decoder/download/string_decoder-0.10.31.tgz#62e203bc41766c6c28c9fc84301dab1c5310fa94"
  integrity sha1-YuIDvEF2bGwoyfyEMB2rHFMQ+pQ=

tlds@1.224.0:
  version "1.224.0"
  resolved "https://registry.in.myspacex.cn/tlds/download/tlds-1.224.0.tgz#dc9a5b0bda0708af0302114f6e24458770c5af01"
  integrity sha1-3JpbC9oHCK8DAhFPbiRFh3DFrwE=

uc.micro@^1.0.1:
  version "1.0.6"
  resolved "https://registry.in.myspacex.cn/uc.micro/download/uc.micro-1.0.6.tgz#9c411a802a409a91fc6cf74081baba34b24499ac"
  integrity sha1-nEEagCpAmpH8bPdAgbq6NLJEmaw=

utf7@>=1.0.2:
  version "1.0.2"
  resolved "https://registry.in.myspacex.cn/utf7/download/utf7-1.0.2.tgz#955f490aae653ba220b9456a0a8776c199360991"
  integrity sha1-lV9JCq5lO6IguUVqCod2wZk2CZE=
  dependencies:
    semver "~5.3.0"
